
Microsoft Visual Studio Solution File, Format Version 12.00
# Visual Studio Version 16
VisualStudioVersion = 16.0.31205.134
MinimumVisualStudioVersion = 10.0.40219.1
Project("{9A19103F-16F7-4668-BE54-9A1E7A4F7556}") = "key task", "ConsoleApp4\key task.csproj", "{2B77D2DB-5177-4CE1-909B-7E122C70F7C7}"
EndProject
Global
	GlobalSection(SolutionConfigurationPlatforms) = preSolution
		Debug|Any CPU = Debug|Any CPU
		Release|Any CPU = Release|Any CPU
	EndGlobalSection
	GlobalSection(ProjectConfigurationPlatforms) = postSolution
		{2B77D2DB-5177-4CE1-909B-7E122C70F7C7}.Debug|Any CPU.ActiveCfg = Debug|Any CPU
		{2B77D2DB-5177-4CE1-909B-7E122C70F7C7}.Debug|Any CPU.Build.0 = Debug|Any CPU
		{2B77D2DB-5177-4CE1-909B-7E122C70F7C7}.Release|Any CPU.ActiveCfg = Release|Any CPU
		{2B77D2DB-5177-4CE1-909B-7E122C70F7C7}.Release|Any CPU.Build.0 = Release|Any CPU
	EndGlobalSection
	GlobalSection(SolutionProperties) = preSolution
		HideSolutionNode = FALSE
	EndGlobalSection
	GlobalSection(ExtensibilityGlobals) = postSolution
		SolutionGuid = {61CA62A1-E12F-4683-BD7D-33079AE4B10A}
	EndGlobalSection
EndGlobal
